
Microsoft Visual Studio Solution File, Format Version 12.00
# Visual Studio Version 17
VisualStudioVersion = 17.0.31903.59
MinimumVisualStudioVersion = 10.0.40219.1
Project("{2150E333-8FDC-42A3-9474-1A3956D46DE8}") = "Configuration", "Configuration", "{9B1BC684-1422-4680-9B0F-BF3C7DB7523B}"
EndProject
Project("{9A19103F-16F7-4668-BE54-9A1E7A4F7556}") = "Sparrow.Configuration", "Sparrow.Configuration\Sparrow.Configuration.csproj", "{046C4B34-FF74-467C-A9E5-C056F144DC23}"
EndProject
Project("{2150E333-8FDC-42A3-9474-1A3956D46DE8}") = "StandardResult", "StandardResult", "{32B8E9B7-3447-4FFA-9414-EED6A2D87D9A}"
EndProject
Project("{2150E333-8FDC-42A3-9474-1A3956D46DE8}") = "Extension", "Extension", "{23DEE508-64DD-4415-AEFE-D47DB821B39C}"
EndProject
Project("{9A19103F-16F7-4668-BE54-9A1E7A4F7556}") = "Sparrow.StandardResult", "Sparrow.StandardResult\Sparrow.StandardResult.csproj", "{1A5634FC-5CE7-4CE9-AC51-F1669675BAAC}"
EndProject
Project("{9A19103F-16F7-4668-BE54-9A1E7A4F7556}") = "Sparrow.Extension.System", "Sparrow.Extension.System\Sparrow.Extension.System.csproj", "{4B624ED4-012A-47A1-A811-74C79F95080D}"
EndProject
Project("{2150E333-8FDC-42A3-9474-1A3956D46DE8}") = "Convert", "Convert", "{28143A19-8FBB-46A3-A7A2-05538214AE27}"
EndProject
Project("{9A19103F-16F7-4668-BE54-9A1E7A4F7556}") = "Sparrow.Convert.OpenApi", "Sparrow.Convert.OpenApi\Sparrow.Convert.OpenApi.csproj", "{15153E7E-DD06-4E70-B158-9F2B14D0EFA5}"
EndProject
Project("{9A19103F-16F7-4668-BE54-9A1E7A4F7556}") = "Sparrow.Convert.System", "Sparrow.Convert.System\Sparrow.Convert.System.csproj", "{B6DD6CAC-5683-4464-8045-7122B8FB7A0C}"
EndProject
Project("{2150E333-8FDC-42A3-9474-1A3956D46DE8}") = "Algorithm", "Algorithm", "{4ECA656C-2AF0-4F9C-BDC8-8C7B36E7815D}"
EndProject
Project("{9A19103F-16F7-4668-BE54-9A1E7A4F7556}") = "Sparrow.Algorithm", "Sparrow.Algorithm\Sparrow.Algorithm.csproj", "{D2296792-8D7E-45EB-A302-392AC390FE1C}"
EndProject
Project("{2150E333-8FDC-42A3-9474-1A3956D46DE8}") = "DataValidation", "DataValidation", "{3B5C5180-9E9B-4AAF-B31B-E84AD6626848}"
EndProject
Project("{9A19103F-16F7-4668-BE54-9A1E7A4F7556}") = "Sparrow.DataValidation", "Sparrow.DataValidation\Sparrow.DataValidation.csproj", "{DAD5DE06-5467-4FA9-8EBC-FCA8721929E3}"
EndProject
Project("{2150E333-8FDC-42A3-9474-1A3956D46DE8}") = "Export", "Export", "{C1E5D574-F3A1-40F5-AAF8-2DDB2D6A4F44}"
EndProject
Project("{9A19103F-16F7-4668-BE54-9A1E7A4F7556}") = "Sparrow.Export.Html", "Sparrow.Export.Html\Sparrow.Export.Html.csproj", "{7357FC2D-50B0-4900-989B-035B2E64969E}"
EndProject
Project("{9A19103F-16F7-4668-BE54-9A1E7A4F7556}") = "Sparrow.Export.NPOI", "Sparrow.Export.NPOI\Sparrow.Export.NPOI.csproj", "{8B8D5594-769B-45D6-90B7-63982D778386}"
EndProject
Project("{9A19103F-16F7-4668-BE54-9A1E7A4F7556}") = "Sparrow.Export.iTextSharp", "Sparrow.Export.iTextSharp\Sparrow.Export.iTextSharp.csproj", "{890A0A12-03A9-4DEB-9E57-CF1FCB27E077}"
EndProject
Project("{9A19103F-16F7-4668-BE54-9A1E7A4F7556}") = "Sparrow.Extension.DependencyInjection", "Sparrow.Extension.DependencyInjection\Sparrow.Extension.DependencyInjection.csproj", "{1992C422-877F-4E48-9E3E-808D6C9FAAAF}"
EndProject
Project("{2150E333-8FDC-42A3-9474-1A3956D46DE8}") = "Compression", "Compression", "{3BCC185B-AA83-4FFE-99FB-84AB444F94F0}"
EndProject
Project("{9A19103F-16F7-4668-BE54-9A1E7A4F7556}") = "Sparrow.Compression", "Sparrow.Compression\Sparrow.Compression.csproj", "{E330BB26-6939-4361-9A2A-3669ADB7B936}"
EndProject
Project("{2150E333-8FDC-42A3-9474-1A3956D46DE8}") = "Util", "Util", "{BF7A8972-E108-40BB-84CF-3E22C0B7ABC7}"
EndProject
Project("{9A19103F-16F7-4668-BE54-9A1E7A4F7556}") = "Sparrow.Util", "Sparrow.Util\Sparrow.Util.csproj", "{6DBA256C-63B3-44D8-BE66-708261927E0E}"
EndProject
Project("{2150E333-8FDC-42A3-9474-1A3956D46DE8}") = "Picture", "Picture", "{1F1EFFA6-94B1-4E84-BB0B-6334AECA5379}"
EndProject
Project("{9A19103F-16F7-4668-BE54-9A1E7A4F7556}") = "Sparrow.Picture", "Sparrow.Picture\Sparrow.Picture.csproj", "{794ECF65-8AD8-4DF4-8915-E6A9CC57CD07}"
EndProject
Project("{2150E333-8FDC-42A3-9474-1A3956D46DE8}") = "Database", "Database", "{C281BAF7-5469-48DE-A24B-C61DE952283C}"
EndProject
Project("{9A19103F-16F7-4668-BE54-9A1E7A4F7556}") = "Sparrow.Database.EntityFrameworkCore", "Sparrow.Database.EntityFrameworkCore\Sparrow.Database.EntityFrameworkCore.csproj", "{51CA6A0D-79E5-4A1E-BCCE-C6F089E0CA45}"
EndProject
Project("{9A19103F-16F7-4668-BE54-9A1E7A4F7556}") = "Sparrow.Database.EntityInfo", "Sparrow.Database.EntityInfo\Sparrow.Database.EntityInfo.csproj", "{27146A21-3452-4B99-9D13-835B91A8D677}"
EndProject
Project("{9A19103F-16F7-4668-BE54-9A1E7A4F7556}") = "Sparrow.Database.Redis", "Sparrow.Database.Redis\Sparrow.Database.Redis.csproj", "{1D3613A5-5419-4027-8EBC-A507C51DC791}"
EndProject
Project("{FAE04EC0-301F-11D3-BF4B-00C04F79EFBC}") = "Sparrow.Database.SqlSugar", "Sparrow.Database.SqlSugar\Sparrow.Database.SqlSugar.csproj", "{0B265B72-5028-4E73-850C-5787A381C8A0}"
EndProject
Global
	GlobalSection(SolutionConfigurationPlatforms) = preSolution
		Debug|Any CPU = Debug|Any CPU
		Release|Any CPU = Release|Any CPU
	EndGlobalSection
	GlobalSection(ProjectConfigurationPlatforms) = postSolution
		{046C4B34-FF74-467C-A9E5-C056F144DC23}.Debug|Any CPU.ActiveCfg = Debug|Any CPU
		{046C4B34-FF74-467C-A9E5-C056F144DC23}.Debug|Any CPU.Build.0 = Debug|Any CPU
		{046C4B34-FF74-467C-A9E5-C056F144DC23}.Release|Any CPU.ActiveCfg = Release|Any CPU
		{046C4B34-FF74-467C-A9E5-C056F144DC23}.Release|Any CPU.Build.0 = Release|Any CPU
		{1A5634FC-5CE7-4CE9-AC51-F1669675BAAC}.Debug|Any CPU.ActiveCfg = Debug|Any CPU
		{1A5634FC-5CE7-4CE9-AC51-F1669675BAAC}.Debug|Any CPU.Build.0 = Debug|Any CPU
		{1A5634FC-5CE7-4CE9-AC51-F1669675BAAC}.Release|Any CPU.ActiveCfg = Release|Any CPU
		{1A5634FC-5CE7-4CE9-AC51-F1669675BAAC}.Release|Any CPU.Build.0 = Release|Any CPU
		{4B624ED4-012A-47A1-A811-74C79F95080D}.Debug|Any CPU.ActiveCfg = Debug|Any CPU
		{4B624ED4-012A-47A1-A811-74C79F95080D}.Debug|Any CPU.Build.0 = Debug|Any CPU
		{4B624ED4-012A-47A1-A811-74C79F95080D}.Release|Any CPU.ActiveCfg = Release|Any CPU
		{4B624ED4-012A-47A1-A811-74C79F95080D}.Release|Any CPU.Build.0 = Release|Any CPU
		{15153E7E-DD06-4E70-B158-9F2B14D0EFA5}.Debug|Any CPU.ActiveCfg = Debug|Any CPU
		{15153E7E-DD06-4E70-B158-9F2B14D0EFA5}.Debug|Any CPU.Build.0 = Debug|Any CPU
		{15153E7E-DD06-4E70-B158-9F2B14D0EFA5}.Release|Any CPU.ActiveCfg = Release|Any CPU
		{15153E7E-DD06-4E70-B158-9F2B14D0EFA5}.Release|Any CPU.Build.0 = Release|Any CPU
		{B6DD6CAC-5683-4464-8045-7122B8FB7A0C}.Debug|Any CPU.ActiveCfg = Debug|Any CPU
		{B6DD6CAC-5683-4464-8045-7122B8FB7A0C}.Debug|Any CPU.Build.0 = Debug|Any CPU
		{B6DD6CAC-5683-4464-8045-7122B8FB7A0C}.Release|Any CPU.ActiveCfg = Release|Any CPU
		{B6DD6CAC-5683-4464-8045-7122B8FB7A0C}.Release|Any CPU.Build.0 = Release|Any CPU
		{D2296792-8D7E-45EB-A302-392AC390FE1C}.Debug|Any CPU.ActiveCfg = Debug|Any CPU
		{D2296792-8D7E-45EB-A302-392AC390FE1C}.Debug|Any CPU.Build.0 = Debug|Any CPU
		{D2296792-8D7E-45EB-A302-392AC390FE1C}.Release|Any CPU.ActiveCfg = Release|Any CPU
		{D2296792-8D7E-45EB-A302-392AC390FE1C}.Release|Any CPU.Build.0 = Release|Any CPU
		{DAD5DE06-5467-4FA9-8EBC-FCA8721929E3}.Debug|Any CPU.ActiveCfg = Debug|Any CPU
		{DAD5DE06-5467-4FA9-8EBC-FCA8721929E3}.Debug|Any CPU.Build.0 = Debug|Any CPU
		{DAD5DE06-5467-4FA9-8EBC-FCA8721929E3}.Release|Any CPU.ActiveCfg = Release|Any CPU
		{DAD5DE06-5467-4FA9-8EBC-FCA8721929E3}.Release|Any CPU.Build.0 = Release|Any CPU
		{7357FC2D-50B0-4900-989B-035B2E64969E}.Debug|Any CPU.ActiveCfg = Debug|Any CPU
		{7357FC2D-50B0-4900-989B-035B2E64969E}.Debug|Any CPU.Build.0 = Debug|Any CPU
		{7357FC2D-50B0-4900-989B-035B2E64969E}.Release|Any CPU.ActiveCfg = Release|Any CPU
		{7357FC2D-50B0-4900-989B-035B2E64969E}.Release|Any CPU.Build.0 = Release|Any CPU
		{8B8D5594-769B-45D6-90B7-63982D778386}.Debug|Any CPU.ActiveCfg = Debug|Any CPU
		{8B8D5594-769B-45D6-90B7-63982D778386}.Debug|Any CPU.Build.0 = Debug|Any CPU
		{8B8D5594-769B-45D6-90B7-63982D778386}.Release|Any CPU.ActiveCfg = Release|Any CPU
		{8B8D5594-769B-45D6-90B7-63982D778386}.Release|Any CPU.Build.0 = Release|Any CPU
		{890A0A12-03A9-4DEB-9E57-CF1FCB27E077}.Debug|Any CPU.ActiveCfg = Debug|Any CPU
		{890A0A12-03A9-4DEB-9E57-CF1FCB27E077}.Debug|Any CPU.Build.0 = Debug|Any CPU
		{890A0A12-03A9-4DEB-9E57-CF1FCB27E077}.Release|Any CPU.ActiveCfg = Release|Any CPU
		{890A0A12-03A9-4DEB-9E57-CF1FCB27E077}.Release|Any CPU.Build.0 = Release|Any CPU
		{1992C422-877F-4E48-9E3E-808D6C9FAAAF}.Debug|Any CPU.ActiveCfg = Debug|Any CPU
		{1992C422-877F-4E48-9E3E-808D6C9FAAAF}.Debug|Any CPU.Build.0 = Debug|Any CPU
		{1992C422-877F-4E48-9E3E-808D6C9FAAAF}.Release|Any CPU.ActiveCfg = Release|Any CPU
		{1992C422-877F-4E48-9E3E-808D6C9FAAAF}.Release|Any CPU.Build.0 = Release|Any CPU
		{E330BB26-6939-4361-9A2A-3669ADB7B936}.Debug|Any CPU.ActiveCfg = Debug|Any CPU
		{E330BB26-6939-4361-9A2A-3669ADB7B936}.Debug|Any CPU.Build.0 = Debug|Any CPU
		{E330BB26-6939-4361-9A2A-3669ADB7B936}.Release|Any CPU.ActiveCfg = Release|Any CPU
		{E330BB26-6939-4361-9A2A-3669ADB7B936}.Release|Any CPU.Build.0 = Release|Any CPU
		{6DBA256C-63B3-44D8-BE66-708261927E0E}.Debug|Any CPU.ActiveCfg = Debug|Any CPU
		{6DBA256C-63B3-44D8-BE66-708261927E0E}.Debug|Any CPU.Build.0 = Debug|Any CPU
		{6DBA256C-63B3-44D8-BE66-708261927E0E}.Release|Any CPU.ActiveCfg = Release|Any CPU
		{6DBA256C-63B3-44D8-BE66-708261927E0E}.Release|Any CPU.Build.0 = Release|Any CPU
		{794ECF65-8AD8-4DF4-8915-E6A9CC57CD07}.Debug|Any CPU.ActiveCfg = Debug|Any CPU
		{794ECF65-8AD8-4DF4-8915-E6A9CC57CD07}.Debug|Any CPU.Build.0 = Debug|Any CPU
		{794ECF65-8AD8-4DF4-8915-E6A9CC57CD07}.Release|Any CPU.ActiveCfg = Release|Any CPU
		{794ECF65-8AD8-4DF4-8915-E6A9CC57CD07}.Release|Any CPU.Build.0 = Release|Any CPU
		{51CA6A0D-79E5-4A1E-BCCE-C6F089E0CA45}.Debug|Any CPU.ActiveCfg = Debug|Any CPU
		{51CA6A0D-79E5-4A1E-BCCE-C6F089E0CA45}.Debug|Any CPU.Build.0 = Debug|Any CPU
		{51CA6A0D-79E5-4A1E-BCCE-C6F089E0CA45}.Release|Any CPU.ActiveCfg = Release|Any CPU
		{51CA6A0D-79E5-4A1E-BCCE-C6F089E0CA45}.Release|Any CPU.Build.0 = Release|Any CPU
		{27146A21-3452-4B99-9D13-835B91A8D677}.Debug|Any CPU.ActiveCfg = Debug|Any CPU
		{27146A21-3452-4B99-9D13-835B91A8D677}.Debug|Any CPU.Build.0 = Debug|Any CPU
		{27146A21-3452-4B99-9D13-835B91A8D677}.Release|Any CPU.ActiveCfg = Release|Any CPU
		{27146A21-3452-4B99-9D13-835B91A8D677}.Release|Any CPU.Build.0 = Release|Any CPU
		{1D3613A5-5419-4027-8EBC-A507C51DC791}.Debug|Any CPU.ActiveCfg = Debug|Any CPU
		{1D3613A5-5419-4027-8EBC-A507C51DC791}.Debug|Any CPU.Build.0 = Debug|Any CPU
		{1D3613A5-5419-4027-8EBC-A507C51DC791}.Release|Any CPU.ActiveCfg = Release|Any CPU
		{1D3613A5-5419-4027-8EBC-A507C51DC791}.Release|Any CPU.Build.0 = Release|Any CPU
		{0B265B72-5028-4E73-850C-5787A381C8A0}.Debug|Any CPU.ActiveCfg = Debug|Any CPU
		{0B265B72-5028-4E73-850C-5787A381C8A0}.Debug|Any CPU.Build.0 = Debug|Any CPU
		{0B265B72-5028-4E73-850C-5787A381C8A0}.Release|Any CPU.ActiveCfg = Release|Any CPU
		{0B265B72-5028-4E73-850C-5787A381C8A0}.Release|Any CPU.Build.0 = Release|Any CPU
	EndGlobalSection
	GlobalSection(SolutionProperties) = preSolution
		HideSolutionNode = FALSE
	EndGlobalSection
	GlobalSection(NestedProjects) = preSolution
		{046C4B34-FF74-467C-A9E5-C056F144DC23} = {9B1BC684-1422-4680-9B0F-BF3C7DB7523B}
		{1A5634FC-5CE7-4CE9-AC51-F1669675BAAC} = {32B8E9B7-3447-4FFA-9414-EED6A2D87D9A}
		{4B624ED4-012A-47A1-A811-74C79F95080D} = {23DEE508-64DD-4415-AEFE-D47DB821B39C}
		{15153E7E-DD06-4E70-B158-9F2B14D0EFA5} = {28143A19-8FBB-46A3-A7A2-05538214AE27}
		{B6DD6CAC-5683-4464-8045-7122B8FB7A0C} = {28143A19-8FBB-46A3-A7A2-05538214AE27}
		{D2296792-8D7E-45EB-A302-392AC390FE1C} = {4ECA656C-2AF0-4F9C-BDC8-8C7B36E7815D}
		{DAD5DE06-5467-4FA9-8EBC-FCA8721929E3} = {3B5C5180-9E9B-4AAF-B31B-E84AD6626848}
		{7357FC2D-50B0-4900-989B-035B2E64969E} = {C1E5D574-F3A1-40F5-AAF8-2DDB2D6A4F44}
		{8B8D5594-769B-45D6-90B7-63982D778386} = {C1E5D574-F3A1-40F5-AAF8-2DDB2D6A4F44}
		{890A0A12-03A9-4DEB-9E57-CF1FCB27E077} = {C1E5D574-F3A1-40F5-AAF8-2DDB2D6A4F44}
		{1992C422-877F-4E48-9E3E-808D6C9FAAAF} = {23DEE508-64DD-4415-AEFE-D47DB821B39C}
		{E330BB26-6939-4361-9A2A-3669ADB7B936} = {3BCC185B-AA83-4FFE-99FB-84AB444F94F0}
		{6DBA256C-63B3-44D8-BE66-708261927E0E} = {BF7A8972-E108-40BB-84CF-3E22C0B7ABC7}
		{794ECF65-8AD8-4DF4-8915-E6A9CC57CD07} = {1F1EFFA6-94B1-4E84-BB0B-6334AECA5379}
		{51CA6A0D-79E5-4A1E-BCCE-C6F089E0CA45} = {C281BAF7-5469-48DE-A24B-C61DE952283C}
		{27146A21-3452-4B99-9D13-835B91A8D677} = {C281BAF7-5469-48DE-A24B-C61DE952283C}
		{1D3613A5-5419-4027-8EBC-A507C51DC791} = {C281BAF7-5469-48DE-A24B-C61DE952283C}
		{0B265B72-5028-4E73-850C-5787A381C8A0} = {C281BAF7-5469-48DE-A24B-C61DE952283C}
	EndGlobalSection
	GlobalSection(ExtensibilityGlobals) = postSolution
		SolutionGuid = {4A723675-990A-4041-86CE-0EC886489955}
	EndGlobalSection
EndGlobal
